
Microsoft Visual Studio Solution File, Format Version 12.00
# Visual Studio Version 16
VisualStudioVersion = 16.0.29609.76
MinimumVisualStudioVersion = 10.0.40219.1
Project("{9A19103F-16F7-4668-BE54-9A1E7A4F7556}") = "PulsarFit.DAL", "PulsarFit.DAL\PulsarFit.DAL.csproj", "{E969CCCE-ACE3-4ED8-9C9D-1BFBDD3D66B1}"
EndProject
Project("{9A19103F-16F7-4668-BE54-9A1E7A4F7556}") = "PulsarFit.CORE", "PulsarFit.CORE\PulsarFit.CORE.csproj", "{D072227B-C06B-4BF4-880C-D7E99CC93CE3}"
EndProject
Project("{9A19103F-16F7-4668-BE54-9A1E7A4F7556}") = "PulsarFit.API", "PulsarFit.API\PulsarFit.API.csproj", "{52E1BE35-11A2-4082-9FD5-C914295986A7}"
EndProject
Project("{9A19103F-16F7-4668-BE54-9A1E7A4F7556}") = "PulsarFit.COMMON", "PulsarFit.COMMON\PulsarFit.COMMON.csproj", "{E4E95798-A740-4D27-A42D-B2932EAE68DB}"
EndProject
Project("{9A19103F-16F7-4668-BE54-9A1E7A4F7556}") = "PulsarFit.WEB", "PulsarFit.WEB\PulsarFit.WEB.csproj", "{CDC8E7D6-8B37-4E12-92D5-3DC2729A9A63}"
EndProject
Global
	GlobalSection(SolutionConfigurationPlatforms) = preSolution
		Debug|Any CPU = Debug|Any CPU
		Release|Any CPU = Release|Any CPU
	EndGlobalSection
	GlobalSection(ProjectConfigurationPlatforms) = postSolution
		{E969CCCE-ACE3-4ED8-9C9D-1BFBDD3D66B1}.Debug|Any CPU.ActiveCfg = Debug|Any CPU
		{E969CCCE-ACE3-4ED8-9C9D-1BFBDD3D66B1}.Debug|Any CPU.Build.0 = Debug|Any CPU
		{E969CCCE-ACE3-4ED8-9C9D-1BFBDD3D66B1}.Release|Any CPU.ActiveCfg = Release|Any CPU
		{E969CCCE-ACE3-4ED8-9C9D-1BFBDD3D66B1}.Release|Any CPU.Build.0 = Release|Any CPU
		{D072227B-C06B-4BF4-880C-D7E99CC93CE3}.Debug|Any CPU.ActiveCfg = Debug|Any CPU
		{D072227B-C06B-4BF4-880C-D7E99CC93CE3}.Debug|Any CPU.Build.0 = Debug|Any CPU
		{D072227B-C06B-4BF4-880C-D7E99CC93CE3}.Release|Any CPU.ActiveCfg = Release|Any CPU
		{D072227B-C06B-4BF4-880C-D7E99CC93CE3}.Release|Any CPU.Build.0 = Release|Any CPU
		{52E1BE35-11A2-4082-9FD5-C914295986A7}.Debug|Any CPU.ActiveCfg = Debug|Any CPU
		{52E1BE35-11A2-4082-9FD5-C914295986A7}.Debug|Any CPU.Build.0 = Debug|Any CPU
		{52E1BE35-11A2-4082-9FD5-C914295986A7}.Release|Any CPU.ActiveCfg = Release|Any CPU
		{52E1BE35-11A2-4082-9FD5-C914295986A7}.Release|Any CPU.Build.0 = Release|Any CPU
		{E4E95798-A740-4D27-A42D-B2932EAE68DB}.Debug|Any CPU.ActiveCfg = Debug|Any CPU
		{E4E95798-A740-4D27-A42D-B2932EAE68DB}.Debug|Any CPU.Build.0 = Debug|Any CPU
		{E4E95798-A740-4D27-A42D-B2932EAE68DB}.Release|Any CPU.ActiveCfg = Release|Any CPU
		{E4E95798-A740-4D27-A42D-B2932EAE68DB}.Release|Any CPU.Build.0 = Release|Any CPU
		{CDC8E7D6-8B37-4E12-92D5-3DC2729A9A63}.Debug|Any CPU.ActiveCfg = Debug|Any CPU
		{CDC8E7D6-8B37-4E12-92D5-3DC2729A9A63}.Debug|Any CPU.Build.0 = Debug|Any CPU
		{CDC8E7D6-8B37-4E12-92D5-3DC2729A9A63}.Release|Any CPU.ActiveCfg = Release|Any CPU
		{CDC8E7D6-8B37-4E12-92D5-3DC2729A9A63}.Release|Any CPU.Build.0 = Release|Any CPU
	EndGlobalSection
	GlobalSection(SolutionProperties) = preSolution
		HideSolutionNode = FALSE
	EndGlobalSection
	GlobalSection(ExtensibilityGlobals) = postSolution
		SolutionGuid = {40A30BC0-7329-403B-A0C4-81A4776AA1B6}
	EndGlobalSection
EndGlobal
